
Microsoft Visual Studio Solution File, Format Version 12.00
# Visual Studio Version 17
VisualStudioVersion = 17.0.31919.166
MinimumVisualStudioVersion = 10.0.40219.1
Project("{FAE04EC0-301F-11D3-BF4B-00C04F79EFBC}") = "WebApi", "WebApi\WebApi.csproj", "{E55C3451-08E9-4F12-B9E1-BF59E1DF2C46}"
EndProject
Project("{2150E333-8FDC-42A3-9474-1A3956D46DE8}") = "MidleWare", "MidleWare", "{9B73A229-BEA6-451F-A6D5-428C6BE903B0}"
EndProject
Project("{2150E333-8FDC-42A3-9474-1A3956D46DE8}") = "BackEnd", "BackEnd", "{4E822DC3-3C89-4A95-BE28-F9BEFB0DC81F}"
EndProject
Project("{2150E333-8FDC-42A3-9474-1A3956D46DE8}") = "BLL", "BLL", "{ADB21B9D-A0D0-4457-A9EB-8625B220C8E0}"
EndProject
Project("{FAE04EC0-301F-11D3-BF4B-00C04F79EFBC}") = "Business", "..\..\BackEnd\BLL\Business\Business.csproj", "{05963AF4-6BCC-4A01-BD91-DCB9C03C99D6}"
EndProject
Project("{2150E333-8FDC-42A3-9474-1A3956D46DE8}") = "DAL", "DAL", "{D1B11C5B-5B8B-41E7-A7DF-AB362D53C0D0}"
EndProject
Project("{2150E333-8FDC-42A3-9474-1A3956D46DE8}") = "Entities", "Entities", "{635CE7F4-E072-46D9-A544-54ABA9EA4304}"
EndProject
Project("{FAE04EC0-301F-11D3-BF4B-00C04F79EFBC}") = "Dal", "..\..\BackEnd\DAL\Dal.csproj", "{2D023D07-DD1E-49A5-9A07-28B38DD84872}"
EndProject
Project("{FAE04EC0-301F-11D3-BF4B-00C04F79EFBC}") = "Entities", "..\..\BackEnd\Entities\Entities.csproj", "{191C137F-7A3E-4E9C-AA77-D3D81CEDB954}"
EndProject
Global
	GlobalSection(SolutionConfigurationPlatforms) = preSolution
		Debug|Any CPU = Debug|Any CPU
		Release|Any CPU = Release|Any CPU
	EndGlobalSection
	GlobalSection(ProjectConfigurationPlatforms) = postSolution
		{E55C3451-08E9-4F12-B9E1-BF59E1DF2C46}.Debug|Any CPU.ActiveCfg = Debug|Any CPU
		{E55C3451-08E9-4F12-B9E1-BF59E1DF2C46}.Debug|Any CPU.Build.0 = Debug|Any CPU
		{E55C3451-08E9-4F12-B9E1-BF59E1DF2C46}.Release|Any CPU.ActiveCfg = Release|Any CPU
		{E55C3451-08E9-4F12-B9E1-BF59E1DF2C46}.Release|Any CPU.Build.0 = Release|Any CPU
		{05963AF4-6BCC-4A01-BD91-DCB9C03C99D6}.Debug|Any CPU.ActiveCfg = Debug|Any CPU
		{05963AF4-6BCC-4A01-BD91-DCB9C03C99D6}.Debug|Any CPU.Build.0 = Debug|Any CPU
		{05963AF4-6BCC-4A01-BD91-DCB9C03C99D6}.Release|Any CPU.ActiveCfg = Release|Any CPU
		{05963AF4-6BCC-4A01-BD91-DCB9C03C99D6}.Release|Any CPU.Build.0 = Release|Any CPU
		{2D023D07-DD1E-49A5-9A07-28B38DD84872}.Debug|Any CPU.ActiveCfg = Debug|Any CPU
		{2D023D07-DD1E-49A5-9A07-28B38DD84872}.Debug|Any CPU.Build.0 = Debug|Any CPU
		{2D023D07-DD1E-49A5-9A07-28B38DD84872}.Release|Any CPU.ActiveCfg = Release|Any CPU
		{2D023D07-DD1E-49A5-9A07-28B38DD84872}.Release|Any CPU.Build.0 = Release|Any CPU
		{191C137F-7A3E-4E9C-AA77-D3D81CEDB954}.Debug|Any CPU.ActiveCfg = Debug|Any CPU
		{191C137F-7A3E-4E9C-AA77-D3D81CEDB954}.Debug|Any CPU.Build.0 = Debug|Any CPU
		{191C137F-7A3E-4E9C-AA77-D3D81CEDB954}.Release|Any CPU.ActiveCfg = Release|Any CPU
		{191C137F-7A3E-4E9C-AA77-D3D81CEDB954}.Release|Any CPU.Build.0 = Release|Any CPU
	EndGlobalSection
	GlobalSection(SolutionProperties) = preSolution
		HideSolutionNode = FALSE
	EndGlobalSection
	GlobalSection(NestedProjects) = preSolution
		{E55C3451-08E9-4F12-B9E1-BF59E1DF2C46} = {9B73A229-BEA6-451F-A6D5-428C6BE903B0}
		{ADB21B9D-A0D0-4457-A9EB-8625B220C8E0} = {4E822DC3-3C89-4A95-BE28-F9BEFB0DC81F}
		{05963AF4-6BCC-4A01-BD91-DCB9C03C99D6} = {ADB21B9D-A0D0-4457-A9EB-8625B220C8E0}
		{D1B11C5B-5B8B-41E7-A7DF-AB362D53C0D0} = {4E822DC3-3C89-4A95-BE28-F9BEFB0DC81F}
		{635CE7F4-E072-46D9-A544-54ABA9EA4304} = {4E822DC3-3C89-4A95-BE28-F9BEFB0DC81F}
		{2D023D07-DD1E-49A5-9A07-28B38DD84872} = {D1B11C5B-5B8B-41E7-A7DF-AB362D53C0D0}
		{191C137F-7A3E-4E9C-AA77-D3D81CEDB954} = {635CE7F4-E072-46D9-A544-54ABA9EA4304}
	EndGlobalSection
	GlobalSection(ExtensibilityGlobals) = postSolution
		SolutionGuid = {8281D108-3BA4-4C34-8639-742E225496BA}
	EndGlobalSection
EndGlobal
